<?xml version="1.0" encoding="utf-8"?>
<Project ToolsVersion="4.0" xmlns="http://schemas.microsoft.com/developer/msbuild/2003">
  <ItemGroup>
    <Filter Include="Source Files">
      <UniqueIdentifier>{4FC737F1-C7A5-4376-A066-2A32D752A2FF}</UniqueIdentifier>
      <Extensions>cpp;c;cc;cxx;def;odl;idl;hpj;bat;asm;asmx</Extensions>
    </Filter>
    <Filter Include="Header Files">
      <UniqueIdentifier>{93995380-89BD-4b04-88EB-625FBE52EBFB}</UniqueIdentifier>
      <Extensions>h;hh;hpp;hxx;hm;inl;inc;xsd</Extensions>
    </Filter>
    <Filter Include="Resource Files">
      <UniqueIdentifier>{67DA6AB6-F800-4c08-8B7A-83BB121AAD01}</UniqueIdentifier>
      <Extensions>rc;ico;cur;bmp;dlg;rc2;rct;bin;rgs;gif;jpg;jpeg;jpe;resx;tiff;tif;png;wav;mfcribbon-ms</Extensions>
    </Filter>
    <Filter Include="Header Files\Components">
      <UniqueIdentifier>{758e4c95-b125-4b5d-9fbe-39439773b94c}</UniqueIdentifier>
    </Filter>
    <Filter Include="Header Files\Main">
      <UniqueIdentifier>{873c0c68-a65e-4583-8bef-911809385fa3}</UniqueIdentifier>
    </Filter>
    <Filter Include="Header Files\Managers">
      <UniqueIdentifier>{f0d43da4-3c10-4b0d-9ec4-1481302c07f2}</UniqueIdentifier>
    </Filter>
    <Filter Include="Source Files\Components">
      <UniqueIdentifier>{06c93391-09c5-4f77-bcf2-aaf939c01ee0}</UniqueIdentifier>
    </Filter>
    <Filter Include="Source Files\Main">
      <UniqueIdentifier>{d7bed421-5170-40a8-aa37-6a1ac86a1126}</UniqueIdentifier>
    </Filter>
    <Filter Include="Source Files\Managers">
      <UniqueIdentifier>{2e826b70-23c4-4de0-be3a-90618f193e31}</UniqueIdentifier>
    </Filter>
    <Filter Include="Header Files\GameObjects">
      <UniqueIdentifier>{f41559d8-5e43-4369-a37a-dddf7405a94f}</UniqueIdentifier>
    </Filter>
    <Filter Include="Source Files\GameObjects">
      <UniqueIdentifier>{b777f4a8-fab6-4a0f-bf68-c4a0fc538809}</UniqueIdentifier>
    </Filter>
    <Filter Include="Header Files\GameStates">
      <UniqueIdentifier>{ead6f6e1-b11b-4144-b41d-830693a2b8c2}</UniqueIdentifier>
    </Filter>
    <Filter Include="Source Files\GameStates">
      <UniqueIdentifier>{b13b4e0d-172a-4c24-9373-75db951e531f}</UniqueIdentifier>
    </Filter>
    <Filter Include="Header Files\Components\Audio">
      <UniqueIdentifier>{9c7c95b7-4286-4808-bf82-4648f014109e}</UniqueIdentifier>
    </Filter>
    <Filter Include="Source Files\Components\Audio">
      <UniqueIdentifier>{acccb7bd-6a24-485d-9bd3-6a140e0a58d8}</UniqueIdentifier>
    </Filter>
    <Filter Include="Header Files\Components\Physics">
      <UniqueIdentifier>{d2e97f6e-181a-4b05-bc93-c2532bfd45de}</UniqueIdentifier>
    </Filter>
    <Filter Include="Source Files\Components\Physics">
      <UniqueIdentifier>{cb9e5b52-a7d6-4ac9-a96f-09927d280189}</UniqueIdentifier>
    </Filter>
    <Filter Include="Header Files\Components\Core">
      <UniqueIdentifier>{b5b8eb0a-58f7-49fb-9d70-e56be295d18d}</UniqueIdentifier>
    </Filter>
    <Filter Include="Source Files\Components\Core">
      <UniqueIdentifier>{5dae7650-ecb8-43f1-9a96-6291c6509c2c}</UniqueIdentifier>
    </Filter>
  </ItemGroup>
  <ItemGroup>
    <ClInclude Include="Background.h">
      <Filter>Header Files\GameObjects</Filter>
    </ClInclude>
    <ClInclude Include="GameObject.h">
      <Filter>Header Files\GameObjects</Filter>
    </ClInclude>
    <ClInclude Include="MenuKey.h">
      <Filter>Header Files\GameObjects</Filter>
    </ClInclude>
    <ClInclude Include="EndState.h">
      <Filter>Header Files\GameStates</Filter>
    </ClInclude>
    <ClInclude Include="GameState.h">
      <Filter>Header Files\GameStates</Filter>
    </ClInclude>
    <ClInclude Include="StartState.h">
      <Filter>Header Files\GameStates</Filter>
    </ClInclude>
    <ClInclude Include="PlayState.h">
      <Filter>Header Files\GameStates</Filter>
    </ClInclude>
    <ClInclude Include="Game.h">
      <Filter>Header Files\Main</Filter>
    </ClInclude>
    <ClInclude Include="Input.h">
      <Filter>Header Files\Managers</Filter>
    </ClInclude>
    <ClInclude Include="Screen.h">
      <Filter>Header Files\Managers</Filter>
    </ClInclude>
    <ClInclude Include="Utility.h">
      <Filter>Header Files\Main</Filter>
    </ClInclude>
    <ClInclude Include="Player.h">
      <Filter>Header Files\GameObjects</Filter>
    </ClInclude>
    <ClInclude Include="Music.h">
      <Filter>Header Files\Components\Audio</Filter>
    </ClInclude>
    <ClInclude Include="Sound.h">
      <Filter>Header Files\Components\Audio</Filter>
    </ClInclude>
    <ClInclude Include="BoxCollider.h">
      <Filter>Header Files\Components\Physics</Filter>
    </ClInclude>
    <ClInclude Include="OBBCollider.h">
      <Filter>Header Files\Components\Physics</Filter>
    </ClInclude>
    <ClInclude Include="RigidBody.h">
      <Filter>Header Files\Components\Physics</Filter>
    </ClInclude>
    <ClInclude Include="SphereCollider.h">
      <Filter>Header Files\Components\Physics</Filter>
    </ClInclude>
    <ClInclude Include="Vector.h">
      <Filter>Header Files\Components\Physics</Filter>
    </ClInclude>
    <ClInclude Include="Text.h">
      <Filter>Header Files\Components\Core</Filter>
    </ClInclude>
    <ClInclude Include="Texture.h">
      <Filter>Header Files\Components\Core</Filter>
    </ClInclude>
    <ClInclude Include="Plane.h">
      <Filter>Header Files\Components\Physics</Filter>
    </ClInclude>
    <ClInclude Include="Button.h">
      <Filter>Header Files\GameObjects</Filter>
    </ClInclude>
  </ItemGroup>
  <ItemGroup>
    <ClCompile Include="Background.cpp">
      <Filter>Source Files\GameObjects</Filter>
    </ClCompile>
    <ClCompile Include="GameObject.cpp">
      <Filter>Source Files\GameObjects</Filter>
    </ClCompile>
    <ClCompile Include="MenuKey.cpp">
      <Filter>Source Files\GameObjects</Filter>
    </ClCompile>
    <ClCompile Include="EndState.cpp">
      <Filter>Source Files\GameStates</Filter>
    </ClCompile>
    <ClCompile Include="StartState.cpp">
      <Filter>Source Files\GameStates</Filter>
    </ClCompile>
    <ClCompile Include="PlayState.cpp">
      <Filter>Source Files\GameStates</Filter>
    </ClCompile>
    <ClCompile Include="Game.cpp">
      <Filter>Source Files\Main</Filter>
    </ClCompile>
    <ClCompile Include="Main.cpp">
      <Filter>Source Files\Main</Filter>
    </ClCompile>
    <ClCompile Include="Input.cpp">
      <Filter>Source Files\Managers</Filter>
    </ClCompile>
    <ClCompile Include="Screen.cpp">
      <Filter>Source Files\Managers</Filter>
    </ClCompile>
    <ClCompile Include="Utility.cpp">
      <Filter>Source Files\Main</Filter>
    </ClCompile>
    <ClCompile Include="GameState.cpp">
      <Filter>Source Files\GameStates</Filter>
    </ClCompile>
    <ClCompile Include="Player.cpp">
      <Filter>Source Files\GameObjects</Filter>
    </ClCompile>
    <ClCompile Include="Music.cpp">
      <Filter>Source Files\Components\Audio</Filter>
    </ClCompile>
    <ClCompile Include="Sound.cpp">
      <Filter>Source Files\Components\Audio</Filter>
    </ClCompile>
    <ClCompile Include="BoxCollider.cpp">
      <Filter>Source Files\Components\Physics</Filter>
    </ClCompile>
    <ClCompile Include="OBBCollider.cpp">
      <Filter>Source Files\Components\Physics</Filter>
    </ClCompile>
    <ClCompile Include="RigidBody.cpp">
      <Filter>Source Files\Components\Physics</Filter>
    </ClCompile>
    <ClCompile Include="SphereCollider.cpp">
      <Filter>Source Files\Components\Physics</Filter>
    </ClCompile>
    <ClCompile Include="Text.cpp">
      <Filter>Source Files\Components\Core</Filter>
    </ClCompile>
    <ClCompile Include="Texture.cpp">
      <Filter>Source Files\Components\Core</Filter>
    </ClCompile>
    <ClCompile Include="Plane.cpp">
      <Filter>Source Files\Components\Physics</Filter>
    </ClCompile>
    <ClCompile Include="Button.cpp">
      <Filter>Source Files\GameObjects</Filter>
    </ClCompile>
  </ItemGroup>
</Project>